# THIS IS AN AUTOGENERATED FILE. DO NOT EDIT THIS FILE DIRECTLY.
# yarn lockfile v1


angular-animate@~1.7.9:
  version "1.7.9"
  resolved "https://registry.yarnpkg.com/angular-animate/-/angular-animate-1.7.9.tgz#a397f82434c1e7ed5b7a298fa70fc3de989a6785"
  integrity sha512-fV+AISy/HTzurQH2ngsJg+lLIvfu0ahc1h4AYKauaXVw97rZc2k4iUA1bMstiEyClsdayQX568kjQc1NK+oYhw==

angular-foundation-6@drugis/angular-foundation-6#master:
  version "0.11.16"
  resolved "https://codeload.github.com/drugis/angular-foundation-6/tar.gz/6ddb6a90f17a7263020cea5ef3b9bc14be84a569"

angular@~1.7.9:
  version "1.7.9"
  resolved "https://registry.yarnpkg.com/angular/-/angular-1.7.9.tgz#e52616e8701c17724c3c238cfe4f9446fd570bc4"
  integrity sha512-5se7ZpcOtu0MBFlzGv5dsM1quQDoDeUTwZrWjGtTNA7O88cD8TEk5IEKCTDa3uECV9XnvKREVUr7du1ACiWGFQ==

font-awesome@~4.3.0:
  version "4.3.0"
  resolved "https://registry.yarnpkg.com/font-awesome/-/font-awesome-4.3.0.tgz#44eeb790cdf986642786f33fce784764f1841c40"
