# THIS IS AN AUTOGENERATED FILE. DO NOT EDIT THIS FILE DIRECTLY.
# yarn lockfile v1


angular-animate@~1.6.0:
  version "1.6.10"
  resolved "https://registry.yarnpkg.com/angular-animate/-/angular-animate-1.6.10.tgz#c520f6d341370e34e0a62060c99bcf47b7d7db8c"

angular-foundation@drugis/angular-foundation-6#master:
  version "0.11.16"
  resolved "https://codeload.github.com/drugis/angular-foundation-6/tar.gz/6ddb6a90f17a7263020cea5ef3b9bc14be84a569"

angular@~1.6.6:
  version "1.6.10"
  resolved "https://registry.yarnpkg.com/angular/-/angular-1.6.10.tgz#eed3080a34d29d0f681ff119b18ce294e3f74826"

font-awesome@~4.3.0:
  version "4.3.0"
  resolved "https://registry.yarnpkg.com/font-awesome/-/font-awesome-4.3.0.tgz#44eeb790cdf986642786f33fce784764f1841c40"
